// !$*UTF8*$!
{
	archiveVersion = 1;
	classes = {
	};
	objectVersion = 46;
	objects = {

/* Begin PBXBuildFile section */
		120736771A8EB72100EB5548 /* main.cpp in Sources */ = {isa = PBXBuildFile; fileRef = 120736761A8EB72100EB5548 /* main.cpp */; };
		12DBE6B91AAD02E100A99BEC /* pcg_basic.c in Sources */ = {isa = PBXBuildFile; fileRef = 12DBE6B71AAD02E100A99BEC /* pcg_basic.c */; };
/* End PBXBuildFile section */

/* Begin PBXCopyFilesBuildPhase section */
		120736711A8EB72100EB5548 /* CopyFiles */ = {
			isa = PBXCopyFilesBuildPhase;
			buildActionMask = 2147483647;
			dstPath = /usr/share/man/man1/;
			dstSubfolderSpec = 0;
			files = (
			);
			runOnlyForDeploymentPostprocessing = 1;
		};
/* End PBXCopyFilesBuildPhase section */

/* Begin PBXFileReference section */
		120736731A8EB72100EB5548 /* CellularAutomata */ = {isa = PBXFileReference; explicitFileType = "compiled.mach-o.executable"; includeInIndex = 0; path = CellularAutomata; sourceTree = BUILT_PRODUCTS_DIR; };
		120736761A8EB72100EB5548 /* main.cpp */ = {isa = PBXFileReference; lastKnownFileType = sourcecode.cpp.cpp; path = main.cpp; sourceTree = "<group>"; };
		12DBE6B71AAD02E100A99BEC /* pcg_basic.c */ = {isa = PBXFileReference; fileEncoding = 4; lastKnownFileType = sourcecode.c.c; path = pcg_basic.c; sourceTree = "<group>"; };
		12DBE6B81AAD02E100A99BEC /* pcg_basic.h */ = {isa = PBXFileReference; fileEncoding = 4; lastKnownFileType = sourcecode.c.h; path = pcg_basic.h; sourceTree = "<group>"; };
		12DBE6BA1AAD09AD00A99BEC /* LICENSE.txt */ = {isa = PBXFileReference; lastKnownFileType = text; path = LICENSE.txt; sourceTree = "<group>"; };
/* End PBXFileReference section */

/* Begin PBXFrameworksBuildPhase section */
		120736701A8EB72100EB5548 /* Frameworks */ = {
			isa = PBXFrameworksBuildPhase;
			buildActionMask = 2147483647;
			files = (
			);
			runOnlyForDeploymentPostprocessing = 0;
		};
/* End PBXFrameworksBuildPhase section */

/* Begin PBXGroup section */
		1207366A1A8EB72000EB5548 = {
			isa = PBXGroup;
			children = (
				120736751A8EB72100EB5548 /* CellularAutomata */,
				120736741A8EB72100EB5548 /* Products */,
			);
			sourceTree = "<group>";
		};
		120736741A8EB72100EB5548 /* Products */ = {
			isa = PBXGroup;
			children = (
				120736731A8EB72100EB5548 /* CellularAutomata */,
			);
			name = Products;
			sourceTree = "<group>";
		};
		120736751A8EB72100EB5548 /* CellularAutomata */ = {
			isa = PBXGroup;
			children = (
				12DBE6BB1AAD09BE00A99BEC /* pcg */,
				120736761A8EB72100EB5548 /* main.cpp */,
			);
			path = CellularAutomata;
			sourceTree = "<group>";
		};
		12DBE6BB1AAD09BE00A99BEC /* pcg */ = {
			isa = PBXGroup;
			children = (
				12DBE6B71AAD02E100A99BEC /* pcg_basic.c */,
				12DBE6B81AAD02E100A99BEC /* pcg_basic.h */,
				12DBE6BA1AAD09AD00A99BEC /* LICENSE.txt */,
			);
			name = pcg;
			sourceTree = "<group>";
		};
/* End PBXGroup section */

/* Begin PBXNativeTarget section */
		120736721A8EB72100EB5548 /* CellularAutomata */ = {
			isa = PBXNativeTarget;
			buildConfigurationList = 1207367A1A8EB72100EB5548 /* Build configuration list for PBXNativeTarget "CellularAutomata" */;
			buildPhases = (
				1207366F1A8EB72100EB5548 /* Sources */,
				120736701A8EB72100EB5548 /* Frameworks */,
				120736711A8EB72100EB5548 /* CopyFiles */,
			);
			buildRules = (
			);
			dependencies = (
			);
			name = CellularAutomata;
			productName = CellularAutomata;
			productReference = 120736731A8EB72100EB5548 /* CellularAutomata */;
			productType = "com.apple.product-type.tool";
		};
/* End PBXNativeTarget section */

/* Begin PBXProject section */
		1207366B1A8EB72000EB5548 /* Project object */ = {
			isa = PBXProject;
			attributes = {
				LastUpgradeCheck = 0610;
				ORGANIZATIONNAME = "Pontus Granström";
				TargetAttributes = {
					120736721A8EB72100EB5548 = {
						CreatedOnToolsVersion = 6.1.1;
					};
				};
			};
			buildConfigurationList = 1207366E1A8EB72000EB5548 /* Build configuration list for PBXProject "CellularAutomata" */;
			compatibilityVersion = "Xcode 3.2";
			developmentRegion = English;
			hasScannedForEncodings = 0;
			knownRegions = (
				en,
			);
			mainGroup = 1207366A1A8EB72000EB5548;
			productRefGroup = 120736741A8EB72100EB5548 /* Products */;
			projectDirPath = "";
			projectRoot = "";
			targets = (
				120736721A8EB72100EB5548 /* CellularAutomata */,
			);
		};
/* End PBXProject section */

/* Begin PBXSourcesBuildPhase section */
		1207366F1A8EB72100EB5548 /* Sources */ = {
			isa = PBXSourcesBuildPhase;
			buildActionMask = 2147483647;
			files = (
				120736771A8EB72100EB5548 /* main.cpp in Sources */,
				12DBE6B91AAD02E100A99BEC /* pcg_basic.c in Sources */,
			);
			runOnlyForDeploymentPostprocessing = 0;
		};
/* End PBXSourcesBuildPhase section */

/* Begin XCBuildConfiguration section */
		120736781A8EB72100EB5548 /* Debug */ = {
			isa = XCBuildConfiguration;
			buildSettings = {
				ALWAYS_SEARCH_USER_PATHS = NO;
				CLANG_CXX_LANGUAGE_STANDARD = "gnu++0x";
				CLANG_CXX_LIBRARY = "libc++";
				CLANG_ENABLE_MODULES = YES;
				CLANG_ENABLE_OBJC_ARC = YES;
				CLANG_WARN_BOOL_CONVERSION = YES;
				CLANG_WARN_CONSTANT_CONVERSION = YES;
				CLANG_WARN_DIRECT_OBJC_ISA_USAGE = YES_ERROR;
				CLANG_WARN_EMPTY_BODY = YES;
				CLANG_WARN_ENUM_CONVERSION = YES;
				CLANG_WARN_INT_CONVERSION = YES;
				CLANG_WARN_OBJC_ROOT_CLASS = YES_ERROR;
				CLANG_WARN_UNREACHABLE_CODE = YES;
				CLANG_WARN__DUPLICATE_METHOD_MATCH = YES;
				COPY_PHASE_STRIP = NO;
				ENABLE_STRICT_OBJC_MSGSEND = YES;
				GCC_C_LANGUAGE_STANDARD = gnu99;
				GCC_DYNAMIC_NO_PIC = NO;
				GCC_OPTIMIZATION_LEVEL = 0;
				GCC_PREPROCESSOR_DEFINITIONS = (
					"DEBUG=1",
					"$(inherited)",
				);
				GCC_SYMBOLS_PRIVATE_EXTERN = NO;
				GCC_WARN_64_TO_32_BIT_CONVERSION = YES;
				GCC_WARN_ABOUT_RETURN_TYPE = YES_ERROR;
				GCC_WARN_UNDECLARED_SELECTOR = YES;
				GCC_WARN_UNINITIALIZED_AUTOS = YES_AGGRESSIVE;
				GCC_WARN_UNUSED_FUNCTION = YES;
				GCC_WARN_UNUSED_VARIABLE = YES;
				MACOSX_DEPLOYMENT_TARGET = 10.10;
				MTL_ENABLE_DEBUG_INFO = YES;
				ONLY_ACTIVE_ARCH = YES;
				SDKROOT = macosx;
			};
			name = Debug;
		};
		120736791A8EB72100EB5548 /* Release */ = {
			isa = XCBuildConfiguration;
			buildSettings = {
				ALWAYS_SEARCH_USER_PATHS = NO;
				CLANG_CXX_LANGUAGE_STANDARD = "gnu++0x";
				CLANG_CXX_LIBRARY = "libc++";
				CLANG_ENABLE_MODULES = YES;
				CLANG_ENABLE_OBJC_ARC = YES;
				CLANG_WARN_BOOL_CONVERSION = YES;
				CLANG_WARN_CONSTANT_CONVERSION = YES;
				CLANG_WARN_DIRECT_OBJC_ISA_USAGE = YES_ERROR;
				CLANG_WARN_EMPTY_BODY = YES;
				CLANG_WARN_ENUM_CONVERSION = YES;
				CLANG_WARN_INT_CONVERSION = YES;
				CLANG_WARN_OBJC_ROOT_CLASS = YES_ERROR;
				CLANG_WARN_UNREACHABLE_CODE = YES;
				CLANG_WARN__DUPLICATE_METHOD_MATCH = YES;
				COPY_PHASE_STRIP = YES;
				DEBUG_INFORMATION_FORMAT = "dwarf-with-dsym";
				ENABLE_NS_ASSERTIONS = NO;
				ENABLE_STRICT_OBJC_MSGSEND = YES;
				GCC_C_LANGUAGE_STANDARD = gnu99;
				GCC_WARN_64_TO_32_BIT_CONVERSION = YES;
				GCC_WARN_ABOUT_RETURN_TYPE = YES_ERROR;
				GCC_WARN_UNDECLARED_SELECTOR = YES;
				GCC_WARN_UNINITIALIZED_AUTOS = YES_AGGRESSIVE;
				GCC_WARN_UNUSED_FUNCTION = YES;
				GCC_WARN_UNUSED_VARIABLE = YES;
				MACOSX_DEPLOYMENT_TARGET = 10.10;
				MTL_ENABLE_DEBUG_INFO = NO;
				SDKROOT = macosx;
			};
			name = Release;
		};
		1207367B1A8EB72100EB5548 /* Debug */ = {
			isa = XCBuildConfiguration;
			buildSettings = {
				PRODUCT_NAME = "$(TARGET_NAME)";
			};
			name = Debug;
		};
		1207367C1A8EB72100EB5548 /* Release */ = {
			isa = XCBuildConfiguration;
			buildSettings = {
				PRODUCT_NAME = "$(TARGET_NAME)";
			};
			name = Release;
		};
/* End XCBuildConfiguration section */

/* Begin XCConfigurationList section */
		1207366E1A8EB72000EB5548 /* Build configuration list for PBXProject "CellularAutomata" */ = {
			isa = XCConfigurationList;
			buildConfigurations = (
				120736781A8EB72100EB5548 /* Debug */,
				120736791A8EB72100EB5548 /* Release */,
			);
			defaultConfigurationIsVisible = 0;
			defaultConfigurationName = Release;
		};
		1207367A1A8EB72100EB5548 /* Build configuration list for PBXNativeTarget "CellularAutomata" */ = {
			isa = XCConfigurationList;
			buildConfigurations = (
				1207367B1A8EB72100EB5548 /* Debug */,
				1207367C1A8EB72100EB5548 /* Release */,
			);
			defaultConfigurationIsVisible = 0;
			defaultConfigurationName = Release;
		};
/* End XCConfigurationList section */
	};
	rootObject = 1207366B1A8EB72000EB5548 /* Project object */;
}
